{
  "name": "vigenere-brute-decoder",
  "version": "1.0.0",
  "lockfileVersion": 2,
  "requires": true,
  "packages": {
    "": {
      "name": "vigenere-brute-decoder",
      "version": "1.0.0",
      "license": "ISC",
      "dependencies": {
        "@andsfonseca/palavras-pt-br": "^1.0.8"
      }
    },
    "node_modules/@andsfonseca/palavras-pt-br": {
      "version": "1.0.8",
      "resolved": "https://registry.npmjs.org/@andsfonseca/palavras-pt-br/-/palavras-pt-br-1.0.8.tgz",
      "integrity": "sha512-eJgEBya8Aq4RKR5P0y8h5KwQlMFQMU+PAVJf5r21RcIPrANwcm0erCV/1z99mzJkrGt7tY4TvvZb1Xycd6TnIQ==",
      "dependencies": {
        "seedrandom": "^3.0.5",
        "typescript": "^4.5.5"
      }
    },
    "node_modules/seedrandom": {
      "version": "3.0.5",
      "resolved": "https://registry.npmjs.org/seedrandom/-/seedrandom-3.0.5.tgz",
      "integrity": "sha512-8OwmbklUNzwezjGInmZ+2clQmExQPvomqjL7LFqOYqtmuxRgQYqOD3mHaU+MvZn5FLUeVxVfQjwLZW/n/JFuqg=="
    },
    "node_modules/typescript": {
      "version": "4.9.5",
      "resolved": "https://registry.npmjs.org/typescript/-/typescript-4.9.5.tgz",
      "integrity": "sha512-1FXk9E2Hm+QzZQ7z+McJiHL4NW1F2EzMu9Nq9i3zAaGqibafqYwCVU6WyWAuyQRRzOlxou8xZSyXLEN8oKj24g==",
      "bin": {
        "tsc": "bin/tsc",
        "tsserver": "bin/tsserver"
      },
      "engines": {
        "node": ">=4.2.0"
      }
    }
  },
  "dependencies": {
    "@andsfonseca/palavras-pt-br": {
      "version": "1.0.8",
      "resolved": "https://registry.npmjs.org/@andsfonseca/palavras-pt-br/-/palavras-pt-br-1.0.8.tgz",
      "integrity": "sha512-eJgEBya8Aq4RKR5P0y8h5KwQlMFQMU+PAVJf5r21RcIPrANwcm0erCV/1z99mzJkrGt7tY4TvvZb1Xycd6TnIQ==",
      "requires": {
        "seedrandom": "^3.0.5",
        "typescript": "^4.5.5"
      }
    },
    "seedrandom": {
      "version": "3.0.5",
      "resolved": "https://registry.npmjs.org/seedrandom/-/seedrandom-3.0.5.tgz",
      "integrity": "sha512-8OwmbklUNzwezjGInmZ+2clQmExQPvomqjL7LFqOYqtmuxRgQYqOD3mHaU+MvZn5FLUeVxVfQjwLZW/n/JFuqg=="
    },
    "typescript": {
      "version": "4.9.5",
      "resolved": "https://registry.npmjs.org/typescript/-/typescript-4.9.5.tgz",
      "integrity": "sha512-1FXk9E2Hm+QzZQ7z+McJiHL4NW1F2EzMu9Nq9i3zAaGqibafqYwCVU6WyWAuyQRRzOlxou8xZSyXLEN8oKj24g=="
    }
  }
}
